
Microsoft Visual Studio Solution File, Format Version 12.00
# Visual Studio Version 16
VisualStudioVersion = 16.0.31702.278
MinimumVisualStudioVersion = 10.0.40219.1
Project("{FAE04EC0-301F-11D3-BF4B-00C04F79EFBC}") = "DIO.Series", "DIO.Series\DIO.Series.csproj", "{0141D445-CF40-4A30-BA52-46FA08E951ED}"
EndProject
Global
	GlobalSection(SolutionConfigurationPlatforms) = preSolution
		Debug|Any CPU = Debug|Any CPU
		Release|Any CPU = Release|Any CPU
	EndGlobalSection
	GlobalSection(ProjectConfigurationPlatforms) = postSolution
		{0141D445-CF40-4A30-BA52-46FA08E951ED}.Debug|Any CPU.ActiveCfg = Debug|Any CPU
		{0141D445-CF40-4A30-BA52-46FA08E951ED}.Debug|Any CPU.Build.0 = Debug|Any CPU
		{0141D445-CF40-4A30-BA52-46FA08E951ED}.Release|Any CPU.ActiveCfg = Release|Any CPU
		{0141D445-CF40-4A30-BA52-46FA08E951ED}.Release|Any CPU.Build.0 = Release|Any CPU
	EndGlobalSection
	GlobalSection(SolutionProperties) = preSolution
		HideSolutionNode = FALSE
	EndGlobalSection
	GlobalSection(ExtensibilityGlobals) = postSolution
		SolutionGuid = {3845A8B6-2E34-4096-90F0-E95875EF5203}
	EndGlobalSection
EndGlobal
